Microsoft Visual Studio Solution File, Format Version 12.00
# Visual Studio Version 17
VisualStudioVersion = 17.5.2.0
MinimumVisualStudioVersion = 10.0.40219.1
Project("{FAE04EC0-301F-11D3-BF4B-00C04F79EFBC}") = "1.stop-gninnipS-My-sdroW", "1.stop-gninnipS-My-sdroW.csproj", "{9AC3BCCF-9BAE-9E93-9DA9-7FE1B141844A}"
EndProject
Global
	GlobalSection(SolutionConfigurationPlatforms) = preSolution
		Debug|Any CPU = Debug|Any CPU
		Release|Any CPU = Release|Any CPU
	EndGlobalSection
	GlobalSection(ProjectConfigurationPlatforms) = postSolution
		{9AC3BCCF-9BAE-9E93-9DA9-7FE1B141844A}.Debug|Any CPU.ActiveCfg = Debug|Any CPU
		{9AC3BCCF-9BAE-9E93-9DA9-7FE1B141844A}.Debug|Any CPU.Build.0 = Debug|Any CPU
		{9AC3BCCF-9BAE-9E93-9DA9-7FE1B141844A}.Release|Any CPU.ActiveCfg = Release|Any CPU
		{9AC3BCCF-9BAE-9E93-9DA9-7FE1B141844A}.Release|Any CPU.Build.0 = Release|Any CPU
	EndGlobalSection
	GlobalSection(SolutionProperties) = preSolution
		HideSolutionNode = FALSE
	EndGlobalSection
	GlobalSection(ExtensibilityGlobals) = postSolution
		SolutionGuid = {22F6FF1C-1C92-4F77-9DD7-28F13C2616DD}
	EndGlobalSection
EndGlobal
